// !$*UTF8*$!
{
	archiveVersion = 1;
	classes = {
	};
	objectVersion = 52;
	objects = {

/* Begin PBXBuildFile section */
		22AB837B22FD58D200B57ED9 /* AppDelegate.swift in Sources */ = {isa = PBXBuildFile; fileRef = 22AB837A22FD58D200B57ED9 /* AppDelegate.swift */; };
		22AB837D22FD58D200B57ED9 /* ContentView.swift in Sources */ = {isa = PBXBuildFile; fileRef = 22AB837C22FD58D200B57ED9 /* ContentView.swift */; };
		22AB837F22FD58E300B57ED9 /* Assets.xcassets in Resources */ = {isa = PBXBuildFile; fileRef = 22AB837E22FD58E300B57ED9 /* Assets.xcassets */; };
		22AB838222FD58E300B57ED9 /* Preview Assets.xcassets in Resources */ = {isa = PBXBuildFile; fileRef = 22AB838122FD58E300B57ED9 /* Preview Assets.xcassets */; };
		22AB838522FD58E300B57ED9 /* Main.storyboard in Resources */ = {isa = PBXBuildFile; fileRef = 22AB838322FD58E300B57ED9 /* Main.storyboard */; };
		22AB839122FD58E300B57ED9 /* tdQVecToolGUITests.swift in Sources */ = {isa = PBXBuildFile; fileRef = 22AB839022FD58E300B57ED9 /* tdQVecToolGUITests.swift */; };
/* End PBXBuildFile section */

/* Begin PBXContainerItemProxy section */
		22AB838D22FD58E300B57ED9 /* PBXContainerItemProxy */ = {
			isa = PBXContainerItemProxy;
			containerPortal = 22AB836F22FD58D200B57ED9 /* Project object */;
			proxyType = 1;
			remoteGlobalIDString = 22AB837622FD58D200B57ED9;
			remoteInfo = tdQVecToolsGUI;
		};
/* End PBXContainerItemProxy section */

/* Begin PBXFileReference section */
		22AB837722FD58D200B57ED9 /* tdQVecToolGUI.app */ = {isa = PBXFileReference; explicitFileType = wrapper.application; includeInIndex = 0; path = tdQVecToolGUI.app; sourceTree = BUILT_PRODUCTS_DIR; };
		22AB837A22FD58D200B57ED9 /* AppDelegate.swift */ = {isa = PBXFileReference; lastKnownFileType = sourcecode.swift; path = AppDelegate.swift; sourceTree = "<group>"; };
		22AB837C22FD58D200B57ED9 /* ContentView.swift */ = {isa = PBXFileReference; lastKnownFileType = sourcecode.swift; path = ContentView.swift; sourceTree = "<group>"; };
		22AB837E22FD58E300B57ED9 /* Assets.xcassets */ = {isa = PBXFileReference; lastKnownFileType = folder.assetcatalog; path = Assets.xcassets; sourceTree = "<group>"; };
		22AB838122FD58E300B57ED9 /* Preview Assets.xcassets */ = {isa = PBXFileReference; lastKnownFileType = folder.assetcatalog; path = "Preview Assets.xcassets"; sourceTree = "<group>"; };
		22AB838422FD58E300B57ED9 /* Base */ = {isa = PBXFileReference; lastKnownFileType = file.storyboard; name = Base; path = Base.lproj/Main.storyboard; sourceTree = "<group>"; };
		22AB838622FD58E300B57ED9 /* Info.plist */ = {isa = PBXFileReference; lastKnownFileType = text.plist.xml; path = Info.plist; sourceTree = "<group>"; };
		22AB838722FD58E300B57ED9 /* tdQVecToolGUI.entitlements */ = {isa = PBXFileReference; lastKnownFileType = text.plist.entitlements; path = tdQVecToolGUI.entitlements; sourceTree = "<group>"; };
		22AB838C22FD58E300B57ED9 /* tdQVecToolGUITests.xctest */ = {isa = PBXFileReference; explicitFileType = wrapper.cfbundle; includeInIndex = 0; path = tdQVecToolGUITests.xctest; sourceTree = BUILT_PRODUCTS_DIR; };
		22AB839022FD58E300B57ED9 /* tdQVecToolGUITests.swift */ = {isa = PBXFileReference; lastKnownFileType = sourcecode.swift; path = tdQVecToolGUITests.swift; sourceTree = "<group>"; };
		22AB839222FD58E300B57ED9 /* Info.plist */ = {isa = PBXFileReference; lastKnownFileType = text.plist.xml; path = Info.plist; sourceTree = "<group>"; };
/* End PBXFileReference section */

/* Begin PBXFrameworksBuildPhase section */
		22AB837422FD58D200B57ED9 /* Frameworks */ = {
			isa = PBXFrameworksBuildPhase;
			buildActionMask = 2147483647;
			files = (
			);
			runOnlyForDeploymentPostprocessing = 0;
		};
		22AB838922FD58E300B57ED9 /* Frameworks */ = {
			isa = PBXFrameworksBuildPhase;
			buildActionMask = 2147483647;
			files = (
			);
			runOnlyForDeploymentPostprocessing = 0;
		};
/* End PBXFrameworksBuildPhase section */

/* Begin PBXGroup section */
		22AB836E22FD58D200B57ED9 = {
			isa = PBXGroup;
			children = (
				22AB837922FD58D200B57ED9 /* tdQVecToolGUI */,
				22AB838F22FD58E300B57ED9 /* tdQVecToolGUITests */,
				22AB837822FD58D200B57ED9 /* Products */,
			);
			sourceTree = "<group>";
		};
		22AB837822FD58D200B57ED9 /* Products */ = {
			isa = PBXGroup;
			children = (
				22AB837722FD58D200B57ED9 /* tdQVecToolGUI.app */,
				22AB838C22FD58E300B57ED9 /* tdQVecToolGUITests.xctest */,
			);
			name = Products;
			sourceTree = "<group>";
		};
		22AB837922FD58D200B57ED9 /* tdQVecToolGUI */ = {
			isa = PBXGroup;
			children = (
				22AB837A22FD58D200B57ED9 /* AppDelegate.swift */,
				22AB837C22FD58D200B57ED9 /* ContentView.swift */,
				22AB837E22FD58E300B57ED9 /* Assets.xcassets */,
				22AB838322FD58E300B57ED9 /* Main.storyboard */,
				22AB838622FD58E300B57ED9 /* Info.plist */,
				22AB838722FD58E300B57ED9 /* tdQVecToolGUI.entitlements */,
				22AB838022FD58E300B57ED9 /* Preview Content */,
			);
			path = tdQVecToolGUI;
			sourceTree = "<group>";
		};
		22AB838022FD58E300B57ED9 /* Preview Content */ = {
			isa = PBXGroup;
			children = (
				22AB838122FD58E300B57ED9 /* Preview Assets.xcassets */,
			);
			path = "Preview Content";
			sourceTree = "<group>";
		};
		22AB838F22FD58E300B57ED9 /* tdQVecToolGUITests */ = {
			isa = PBXGroup;
			children = (
				22AB839022FD58E300B57ED9 /* tdQVecToolGUITests.swift */,
				22AB839222FD58E300B57ED9 /* Info.plist */,
			);
			path = tdQVecToolGUITests;
			sourceTree = "<group>";
		};
/* End PBXGroup section */

/* Begin PBXNativeTarget section */
		22AB837622FD58D200B57ED9 /* tdQVecToolGUI */ = {
			isa = PBXNativeTarget;
			buildConfigurationList = 22AB839522FD58E300B57ED9 /* Build configuration list for PBXNativeTarget "tdQVecToolGUI" */;
			buildPhases = (
				22AB837322FD58D200B57ED9 /* Sources */,
				22AB837422FD58D200B57ED9 /* Frameworks */,
				22AB837522FD58D200B57ED9 /* Resources */,
			);
			buildRules = (
			);
			dependencies = (
			);
			name = tdQVecToolGUI;
			productName = tdQVecToolsGUI;
			productReference = 22AB837722FD58D200B57ED9 /* tdQVecToolGUI.app */;
			productType = "com.apple.product-type.application";
		};
		22AB838B22FD58E300B57ED9 /* tdQVecToolGUITests */ = {
			isa = PBXNativeTarget;
			buildConfigurationList = 22AB839822FD58E300B57ED9 /* Build configuration list for PBXNativeTarget "tdQVecToolGUITests" */;
			buildPhases = (
				22AB838822FD58E300B57ED9 /* Sources */,
				22AB838922FD58E300B57ED9 /* Frameworks */,
				22AB838A22FD58E300B57ED9 /* Resources */,
			);
			buildRules = (
			);
			dependencies = (
				22AB838E22FD58E300B57ED9 /* PBXTargetDependency */,
			);
			name = tdQVecToolGUITests;
			productName = tdQVecToolsGUITests;
			productReference = 22AB838C22FD58E300B57ED9 /* tdQVecToolGUITests.xctest */;
			productType = "com.apple.product-type.bundle.unit-test";
		};
/* End PBXNativeTarget section */

/* Begin PBXProject section */
		22AB836F22FD58D200B57ED9 /* Project object */ = {
			isa = PBXProject;
			attributes = {
				LastSwiftUpdateCheck = 1100;
				LastUpgradeCheck = 1100;
				ORGANIZATIONNAME = "Turbulent Dynamics";
				TargetAttributes = {
					22AB837622FD58D200B57ED9 = {
						CreatedOnToolsVersion = 11.0;
					};
					22AB838B22FD58E300B57ED9 = {
						CreatedOnToolsVersion = 11.0;
						TestTargetID = 22AB837622FD58D200B57ED9;
					};
				};
			};
			buildConfigurationList = 22AB837222FD58D200B57ED9 /* Build configuration list for PBXProject "tdQVecToolGUI" */;
			compatibilityVersion = "Xcode 11.0";
			developmentRegion = en;
			hasScannedForEncodings = 0;
			knownRegions = (
				en,
				Base,
			);
			mainGroup = 22AB836E22FD58D200B57ED9;
			packageReferences = (
				22327B102301931F00405388 /* XCRemoteSwiftPackageReference "tdQVecTool" */,
			);
			productRefGroup = 22AB837822FD58D200B57ED9 /* Products */;
			projectDirPath = "";
			projectRoot = "";
			targets = (
				22AB837622FD58D200B57ED9 /* tdQVecToolGUI */,
				22AB838B22FD58E300B57ED9 /* tdQVecToolGUITests */,
			);
		};
/* End PBXProject section */

/* Begin PBXResourcesBuildPhase section */
		22AB837522FD58D200B57ED9 /* Resources */ = {
			isa = PBXResourcesBuildPhase;
			buildActionMask = 2147483647;
			files = (
				22AB838522FD58E300B57ED9 /* Main.storyboard in Resources */,
				22AB838222FD58E300B57ED9 /* Preview Assets.xcassets in Resources */,
				22AB837F22FD58E300B57ED9 /* Assets.xcassets in Resources */,
			);
			runOnlyForDeploymentPostprocessing = 0;
		};
		22AB838A22FD58E300B57ED9 /* Resources */ = {
			isa = PBXResourcesBuildPhase;
			buildActionMask = 2147483647;
			files = (
			);
			runOnlyForDeploymentPostprocessing = 0;
		};
/* End PBXResourcesBuildPhase section */

/* Begin PBXSourcesBuildPhase section */
		22AB837322FD58D200B57ED9 /* Sources */ = {
			isa = PBXSourcesBuildPhase;
			buildActionMask = 2147483647;
			files = (
				22AB837D22FD58D200B57ED9 /* ContentView.swift in Sources */,
				22AB837B22FD58D200B57ED9 /* AppDelegate.swift in Sources */,
			);
			runOnlyForDeploymentPostprocessing = 0;
		};
		22AB838822FD58E300B57ED9 /* Sources */ = {
			isa = PBXSourcesBuildPhase;
			buildActionMask = 2147483647;
			files = (
				22AB839122FD58E300B57ED9 /* tdQVecToolGUITests.swift in Sources */,
			);
			runOnlyForDeploymentPostprocessing = 0;
		};
/* End PBXSourcesBuildPhase section */

/* Begin PBXTargetDependency section */
		22AB838E22FD58E300B57ED9 /* PBXTargetDependency */ = {
			isa = PBXTargetDependency;
			target = 22AB837622FD58D200B57ED9 /* tdQVecToolGUI */;
			targetProxy = 22AB838D22FD58E300B57ED9 /* PBXContainerItemProxy */;
		};
/* End PBXTargetDependency section */

/* Begin PBXVariantGroup section */
		22AB838322FD58E300B57ED9 /* Main.storyboard */ = {
			isa = PBXVariantGroup;
			children = (
				22AB838422FD58E300B57ED9 /* Base */,
			);
			name = Main.storyboard;
			sourceTree = "<group>";
		};
/* End PBXVariantGroup section */

/* Begin XCBuildConfiguration section */
		22AB839322FD58E300B57ED9 /* Debug */ = {
			isa = XCBuildConfiguration;
			buildSettings = {
				ALWAYS_SEARCH_USER_PATHS = NO;
				CLANG_ANALYZER_NONNULL = YES;
				CLANG_ANALYZER_NUMBER_OBJECT_CONVERSION = YES_AGGRESSIVE;
				CLANG_CXX_LANGUAGE_STANDARD = "gnu++14";
				CLANG_CXX_LIBRARY = "libc++";
				CLANG_ENABLE_MODULES = YES;
				CLANG_ENABLE_OBJC_ARC = YES;
				CLANG_ENABLE_OBJC_WEAK = YES;
				CLANG_WARN_BLOCK_CAPTURE_AUTORELEASING = YES;
				CLANG_WARN_BOOL_CONVERSION = YES;
				CLANG_WARN_COMMA = YES;
				CLANG_WARN_CONSTANT_CONVERSION = YES;
				CLANG_WARN_DEPRECATED_OBJC_IMPLEMENTATIONS = YES;
				CLANG_WARN_DIRECT_OBJC_ISA_USAGE = YES_ERROR;
				CLANG_WARN_DOCUMENTATION_COMMENTS = YES;
				CLANG_WARN_EMPTY_BODY = YES;
				CLANG_WARN_ENUM_CONVERSION = YES;
				CLANG_WARN_INFINITE_RECURSION = YES;
				CLANG_WARN_INT_CONVERSION = YES;
				CLANG_WARN_NON_LITERAL_NULL_CONVERSION = YES;
				CLANG_WARN_OBJC_IMPLICIT_RETAIN_SELF = YES;
				CLANG_WARN_OBJC_LITERAL_CONVERSION = YES;
				CLANG_WARN_OBJC_ROOT_CLASS = YES_ERROR;
				CLANG_WARN_RANGE_LOOP_ANALYSIS = YES;
				CLANG_WARN_STRICT_PROTOTYPES = YES;
				CLANG_WARN_SUSPICIOUS_MOVE = YES;
				CLANG_WARN_UNGUARDED_AVAILABILITY = YES_AGGRESSIVE;
				CLANG_WARN_UNREACHABLE_CODE = YES;
				CLANG_WARN__DUPLICATE_METHOD_MATCH = YES;
				COPY_PHASE_STRIP = NO;
				DEBUG_INFORMATION_FORMAT = dwarf;
				ENABLE_STRICT_OBJC_MSGSEND = YES;
				ENABLE_TESTABILITY = YES;
				GCC_C_LANGUAGE_STANDARD = gnu11;
				GCC_DYNAMIC_NO_PIC = NO;
				GCC_NO_COMMON_BLOCKS = YES;
				GCC_OPTIMIZATION_LEVEL = 0;
				GCC_PREPROCESSOR_DEFINITIONS = (
					"DEBUG=1",
					"$(inherited)",
				);
				GCC_WARN_64_TO_32_BIT_CONVERSION = YES;
				GCC_WARN_ABOUT_RETURN_TYPE = YES_ERROR;
				GCC_WARN_UNDECLARED_SELECTOR = YES;
				GCC_WARN_UNINITIALIZED_AUTOS = YES_AGGRESSIVE;
				GCC_WARN_UNUSED_FUNCTION = YES;
				GCC_WARN_UNUSED_VARIABLE = YES;
				MACOSX_DEPLOYMENT_TARGET = 10.15;
				MTL_ENABLE_DEBUG_INFO = INCLUDE_SOURCE;
				MTL_FAST_MATH = YES;
				ONLY_ACTIVE_ARCH = YES;
				SDKROOT = macosx;
				SWIFT_ACTIVE_COMPILATION_CONDITIONS = DEBUG;
				SWIFT_OPTIMIZATION_LEVEL = "-Onone";
			};
			name = Debug;
		};
		22AB839422FD58E300B57ED9 /* Release */ = {
			isa = XCBuildConfiguration;
			buildSettings = {
				ALWAYS_SEARCH_USER_PATHS = NO;
				CLANG_ANALYZER_NONNULL = YES;
				CLANG_ANALYZER_NUMBER_OBJECT_CONVERSION = YES_AGGRESSIVE;
				CLANG_CXX_LANGUAGE_STANDARD = "gnu++14";
				CLANG_CXX_LIBRARY = "libc++";
				CLANG_ENABLE_MODULES = YES;
				CLANG_ENABLE_OBJC_ARC = YES;
				CLANG_ENABLE_OBJC_WEAK = YES;
				CLANG_WARN_BLOCK_CAPTURE_AUTORELEASING = YES;
				CLANG_WARN_BOOL_CONVERSION = YES;
				CLANG_WARN_COMMA = YES;
				CLANG_WARN_CONSTANT_CONVERSION = YES;
				CLANG_WARN_DEPRECATED_OBJC_IMPLEMENTATIONS = YES;
				CLANG_WARN_DIRECT_OBJC_ISA_USAGE = YES_ERROR;
				CLANG_WARN_DOCUMENTATION_COMMENTS = YES;
				CLANG_WARN_EMPTY_BODY = YES;
				CLANG_WARN_ENUM_CONVERSION = YES;
				CLANG_WARN_INFINITE_RECURSION = YES;
				CLANG_WARN_INT_CONVERSION = YES;
				CLANG_WARN_NON_LITERAL_NULL_CONVERSION = YES;
				CLANG_WARN_OBJC_IMPLICIT_RETAIN_SELF = YES;
				CLANG_WARN_OBJC_LITERAL_CONVERSION = YES;
				CLANG_WARN_OBJC_ROOT_CLASS = YES_ERROR;
				CLANG_WARN_RANGE_LOOP_ANALYSIS = YES;
				CLANG_WARN_STRICT_PROTOTYPES = YES;
				CLANG_WARN_SUSPICIOUS_MOVE = YES;
				CLANG_WARN_UNGUARDED_AVAILABILITY = YES_AGGRESSIVE;
				CLANG_WARN_UNREACHABLE_CODE = YES;
				CLANG_WARN__DUPLICATE_METHOD_MATCH = YES;
				COPY_PHASE_STRIP = NO;
				DEBUG_INFORMATION_FORMAT = "dwarf-with-dsym";
				ENABLE_NS_ASSERTIONS = NO;
				ENABLE_STRICT_OBJC_MSGSEND = YES;
				GCC_C_LANGUAGE_STANDARD = gnu11;
				GCC_NO_COMMON_BLOCKS = YES;
				GCC_WARN_64_TO_32_BIT_CONVERSION = YES;
				GCC_WARN_ABOUT_RETURN_TYPE = YES_ERROR;
				GCC_WARN_UNDECLARED_SELECTOR = YES;
				GCC_WARN_UNINITIALIZED_AUTOS = YES_AGGRESSIVE;
				GCC_WARN_UNUSED_FUNCTION = YES;
				GCC_WARN_UNUSED_VARIABLE = YES;
				MACOSX_DEPLOYMENT_TARGET = 10.15;
				MTL_ENABLE_DEBUG_INFO = NO;
				MTL_FAST_MATH = YES;
				SDKROOT = macosx;
				SWIFT_COMPILATION_MODE = wholemodule;
				SWIFT_OPTIMIZATION_LEVEL = "-O";
			};
			name = Release;
		};
		22AB839622FD58E300B57ED9 /* Debug */ = {
			isa = XCBuildConfiguration;
			buildSettings = {
				ASSETCATALOG_COMPILER_APPICON_NAME = AppIcon;
				CODE_SIGN_ENTITLEMENTS = tdQVecToolGUI/tdQVecToolsGUI.entitlements;
				CODE_SIGN_STYLE = Automatic;
				COMBINE_HIDPI_IMAGES = YES;
				DEVELOPMENT_ASSET_PATHS = "tdQVecToolGUI/Preview\\ Content";
				ENABLE_PREVIEWS = YES;
				INFOPLIST_FILE = tdQVecToolGUI/Info.plist;
				LD_RUNPATH_SEARCH_PATHS = (
					"$(inherited)",
					"@executable_path/../Frameworks",
				);
				MACOSX_DEPLOYMENT_TARGET = 10.15;
				PRODUCT_BUNDLE_IDENTIFIER = TD.tdQVecToolGUI;
				PRODUCT_NAME = "$(TARGET_NAME)";
				SWIFT_VERSION = 5.0;
			};
			name = Debug;
		};
		22AB839722FD58E300B57ED9 /* Release */ = {
			isa = XCBuildConfiguration;
			buildSettings = {
				ASSETCATALOG_COMPILER_APPICON_NAME = AppIcon;
				CODE_SIGN_ENTITLEMENTS = tdQVecToolGUI/tdQVecToolsGUI.entitlements;
				CODE_SIGN_STYLE = Automatic;
				COMBINE_HIDPI_IMAGES = YES;
				DEVELOPMENT_ASSET_PATHS = "tdQVecToolGUI/Preview\\ Content";
				ENABLE_PREVIEWS = YES;
				INFOPLIST_FILE = tdQVecToolGUI/Info.plist;
				LD_RUNPATH_SEARCH_PATHS = (
					"$(inherited)",
					"@executable_path/../Frameworks",
				);
				MACOSX_DEPLOYMENT_TARGET = 10.15;
				PRODUCT_BUNDLE_IDENTIFIER = TD.tdQVecToolGUI;
				PRODUCT_NAME = "$(TARGET_NAME)";
				SWIFT_VERSION = 5.0;
			};
			name = Release;
		};
		22AB839922FD58E300B57ED9 /* Debug */ = {
			isa = XCBuildConfiguration;
			buildSettings = {
				ALWAYS_EMBED_SWIFT_STANDARD_LIBRARIES = YES;
				BUNDLE_LOADER = "$(TEST_HOST)";
				CODE_SIGN_STYLE = Automatic;
				COMBINE_HIDPI_IMAGES = YES;
				INFOPLIST_FILE = tdQVecToolsGUITests/Info.plist;
				LD_RUNPATH_SEARCH_PATHS = (
					"$(inherited)",
					"@executable_path/../Frameworks",
					"@loader_path/../Frameworks",
				);
				PRODUCT_BUNDLE_IDENTIFIER = TD.tdQVecToolsGUITests;
				PRODUCT_NAME = "$(TARGET_NAME)";
				SWIFT_VERSION = 5.0;
				TEST_HOST = "$(BUILT_PRODUCTS_DIR)/tdQVecToolGUI.app/Contents/MacOS/tdQVecToolGUI";
			};
			name = Debug;
		};
		22AB839A22FD58E300B57ED9 /* Release */ = {
			isa = XCBuildConfiguration;
			buildSettings = {
				ALWAYS_EMBED_SWIFT_STANDARD_LIBRARIES = YES;
				BUNDLE_LOADER = "$(TEST_HOST)";
				CODE_SIGN_STYLE = Automatic;
				COMBINE_HIDPI_IMAGES = YES;
				INFOPLIST_FILE = tdQVecToolsGUITests/Info.plist;
				LD_RUNPATH_SEARCH_PATHS = (
					"$(inherited)",
					"@executable_path/../Frameworks",
					"@loader_path/../Frameworks",
				);
				PRODUCT_BUNDLE_IDENTIFIER = TD.tdQVecToolsGUITests;
				PRODUCT_NAME = "$(TARGET_NAME)";
				SWIFT_VERSION = 5.0;
				TEST_HOST = "$(BUILT_PRODUCTS_DIR)/tdQVecToolGUI.app/Contents/MacOS/tdQVecToolGUI";
			};
			name = Release;
		};
/* End XCBuildConfiguration section */

/* Begin XCConfigurationList section */
		22AB837222FD58D200B57ED9 /* Build configuration list for PBXProject "tdQVecToolGUI" */ = {
			isa = XCConfigurationList;
			buildConfigurations = (
				22AB839322FD58E300B57ED9 /* Debug */,
				22AB839422FD58E300B57ED9 /* Release */,
			);
			defaultConfigurationIsVisible = 0;
			defaultConfigurationName = Release;
		};
		22AB839522FD58E300B57ED9 /* Build configuration list for PBXNativeTarget "tdQVecToolGUI" */ = {
			isa = XCConfigurationList;
			buildConfigurations = (
				22AB839622FD58E300B57ED9 /* Debug */,
				22AB839722FD58E300B57ED9 /* Release */,
			);
			defaultConfigurationIsVisible = 0;
			defaultConfigurationName = Release;
		};
		22AB839822FD58E300B57ED9 /* Build configuration list for PBXNativeTarget "tdQVecToolGUITests" */ = {
			isa = XCConfigurationList;
			buildConfigurations = (
				22AB839922FD58E300B57ED9 /* Debug */,
				22AB839A22FD58E300B57ED9 /* Release */,
			);
			defaultConfigurationIsVisible = 0;
			defaultConfigurationName = Release;
		};
/* End XCConfigurationList section */

/* Begin XCRemoteSwiftPackageReference section */
		22327B102301931F00405388 /* XCRemoteSwiftPackageReference "tdQVecTool" */ = {
			isa = XCRemoteSwiftPackageReference;
			repositoryURL = "https://github.com/TurbulentDynamics/tdQVecTool.git";
			requirement = {
				kind = upToNextMajorVersion;
				minimumVersion = 0.1.0;
			};
		};
/* End XCRemoteSwiftPackageReference section */
	};
	rootObject = 22AB836F22FD58D200B57ED9 /* Project object */;
}
